{
  "nodes": {
    "copyparty": {
      "inputs": {
        "flake-utils": "flake-utils",
        "nixpkgs": [
          "nixpkgs"
        ]
      },
      "locked": {
        "lastModified": 1771523612,
        "narHash": "sha256-ScRqXJaqDTonQ1cs7VKxPw5pO0TQ/OnErfjOKCHX4Ps=",
        "owner": "9001",
        "repo": "copyparty",
        "rev": "6f1d6647546832c6640cbad88817e28fb63ea3ec",
        "type": "github"
      },
      "original": {
        "owner": "9001",
        "repo": "copyparty",
        "type": "github"
      }
    },
    "flake-utils": {
      "locked": {
        "lastModified": 1678901627,
        "narHash": "sha256-U02riOqrKKzwjsxc/400XnElV+UtPUQWpANPlyazjH0=",
        "owner": "numtide",
        "repo": "flake-utils",
        "rev": "93a2b84fc4b70d9e089d029deacc3583435c2ed6",
        "type": "github"
      },
      "original": {
        "owner": "numtide",
        "repo": "flake-utils",
        "type": "github"
      }
    },
    "grub2-themes": {
      "inputs": {
        "nixpkgs": [
          "nixpkgs"
        ]
      },
      "locked": {
        "lastModified": 1757136219,
        "narHash": "sha256-tKU+vq34KHu/A2wD7WdgP5A4/RCmSD8hB0TyQAUlixA=",
        "owner": "vinceliuice",
        "repo": "grub2-themes",
        "rev": "80dd04ddf3ba7b284a7b1a5df2b1e95ee2aad606",
        "type": "github"
      },
      "original": {
        "owner": "vinceliuice",
        "repo": "grub2-themes",
        "type": "github"
      }
    },
    "home-manager": {
      "inputs": {
        "nixpkgs": [
          "nixpkgs"
        ]
      },
      "locked": {
        "lastModified": 1771531206,
        "narHash": "sha256-1R3Wx6KUkMb4x4E5UOhW9p6rqiexzSGGWxZqSHqW5n0=",
        "owner": "nix-community",
        "repo": "home-manager",
        "rev": "91be7cce763fa4022c7cf025a71b0c366d1b6e77",
        "type": "github"
      },
      "original": {
        "owner": "nix-community",
        "repo": "home-manager",
        "type": "github"
      }
    },
    "nixpkgs": {
      "locked": {
        "lastModified": 1771369470,
        "narHash": "sha256-0NBlEBKkN3lufyvFegY4TYv5mCNHbi5OmBDrzihbBMQ=",
        "owner": "nixos",
        "repo": "nixpkgs",
        "rev": "0182a361324364ae3f436a63005877674cf45efb",
        "type": "github"
      },
      "original": {
        "owner": "nixos",
        "ref": "nixos-unstable",
        "repo": "nixpkgs",
        "type": "github"
      }
    },
    "root": {
      "inputs": {
        "copyparty": "copyparty",
        "grub2-themes": "grub2-themes",
        "home-manager": "home-manager",
        "nixpkgs": "nixpkgs"
      }
    }
  },
  "root": "root",
  "version": 7
}
